
Microsoft Visual Studio Solution File, Format Version 12.00
# Visual Studio Version 17
VisualStudioVersion = 17.12.35514.174
MinimumVisualStudioVersion = 10.0.40219.1
Project("{8BC9CEB8-8B4A-11D0-8D11-00A0C91BC942}") = "NcmaEngine", "NcmaEngine.vcxproj", "{79CA7F77-63C1-4B3C-A010-9EB038892D7B}"
EndProject
Project("{FAE04EC0-301F-11D3-BF4B-00C04F79EFBC}") = "Ncma.Managed", "managed\Ncma.Managed\Ncma.Managed.csproj", "{AB747229-2448-41B8-B7C6-E21BFD263D0A}"
EndProject
Project("{FAE04EC0-301F-11D3-BF4B-00C04F79EFBC}") = "Ncma.Managed.Host", "managed\Ncma.Managed.Host\Ncma.Managed.Host.csproj", "{DFD6AAED-AE66-4A1A-BFCC-FDE92FF53B44}"
EndProject
Project("{FAE04EC0-301F-11D3-BF4B-00C04F79EFBC}") = "Ncma.Gameplay.Sample", "managed\Ncma.Gameplay.Sample\Ncma.Gameplay.Sample.csproj", "{7ED250E0-FDC8-45DC-B0E6-DDEB4B708ED0}"
EndProject
Project("{FAE04EC0-301F-11D3-BF4B-00C04F79EFBC}") = "Ncma.Managed.SmokeTest", "managed\Ncma.Managed.SmokeTest\Ncma.Managed.SmokeTest.csproj", "{596A9474-A996-4D35-88EE-D68C221BF8EF}"
EndProject
Project("{FAE04EC0-301F-11D3-BF4B-00C04F79EFBC}") = "Ncma.Runtime", "managed\Ncma.Runtime\Ncma.Runtime.csproj", "{F181C23C-A27E-45EC-8DA5-EC9D65D2022E}"
EndProject
Project("{FAE04EC0-301F-11D3-BF4B-00C04F79EFBC}") = "Ncma.Runtime.Tests", "managed\Ncma.Runtime.Tests\Ncma.Runtime.Tests.csproj", "{0B6BEF12-D78C-469F-82C2-09D10FD23BCD}"
EndProject
Project("{FAE04EC0-301F-11D3-BF4B-00C04F79EFBC}") = "Ncma.Scene", "managed\Ncma.Scene\Ncma.Scene.csproj", "{132B6953-DB9E-4E2B-8B88-BF13B9C03E11}"
EndProject
Project("{FAE04EC0-301F-11D3-BF4B-00C04F79EFBC}") = "Ncma.Scene.Tests", "managed\Ncma.Scene.Tests\Ncma.Scene.Tests.csproj", "{1F0C0D89-232B-4BD8-945C-3D78612BA312}"
EndProject
Project("{FAE04EC0-301F-11D3-BF4B-00C04F79EFBC}") = "Ncma.Editor.Core", "managed\Ncma.Editor.Core\Ncma.Editor.Core.csproj", "{A9DC3B28-8560-4D39-9345-6729C0746813}"
EndProject
Project("{FAE04EC0-301F-11D3-BF4B-00C04F79EFBC}") = "Ncma.Editor.Core.Tests", "managed\Ncma.Editor.Core.Tests\Ncma.Editor.Core.Tests.csproj", "{4622E6E6-B8CE-4DDA-9665-E141A7A40114}"
EndProject
Global
	GlobalSection(SolutionConfigurationPlatforms) = preSolution
		Debug|x64 = Debug|x64
		Release|x64 = Release|x64
	EndGlobalSection
	GlobalSection(ProjectConfigurationPlatforms) = postSolution
		{132B6953-DB9E-4E2B-8B88-BF13B9C03E11}.Debug|x64.ActiveCfg = Debug|Any CPU
		{132B6953-DB9E-4E2B-8B88-BF13B9C03E11}.Release|x64.ActiveCfg = Release|Any CPU
		{1F0C0D89-232B-4BD8-945C-3D78612BA312}.Debug|x64.ActiveCfg = Debug|Any CPU
		{1F0C0D89-232B-4BD8-945C-3D78612BA312}.Release|x64.ActiveCfg = Release|Any CPU
		{A9DC3B28-8560-4D39-9345-6729C0746813}.Debug|x64.ActiveCfg = Debug|Any CPU
		{A9DC3B28-8560-4D39-9345-6729C0746813}.Release|x64.ActiveCfg = Release|Any CPU
		{4622E6E6-B8CE-4DDA-9665-E141A7A40114}.Debug|x64.ActiveCfg = Debug|Any CPU
		{4622E6E6-B8CE-4DDA-9665-E141A7A40114}.Release|x64.ActiveCfg = Release|Any CPU
		{F181C23C-A27E-45EC-8DA5-EC9D65D2022E}.Debug|x64.ActiveCfg = Debug|Any CPU
		{F181C23C-A27E-45EC-8DA5-EC9D65D2022E}.Release|x64.ActiveCfg = Release|Any CPU
		{0B6BEF12-D78C-469F-82C2-09D10FD23BCD}.Debug|x64.ActiveCfg = Debug|Any CPU
		{0B6BEF12-D78C-469F-82C2-09D10FD23BCD}.Release|x64.ActiveCfg = Release|Any CPU
		{79CA7F77-63C1-4B3C-A010-9EB038892D7B}.Debug|x64.ActiveCfg = Debug|x64
		{79CA7F77-63C1-4B3C-A010-9EB038892D7B}.Debug|x64.Build.0 = Debug|x64
		{79CA7F77-63C1-4B3C-A010-9EB038892D7B}.Release|x64.ActiveCfg = Release|x64
		{79CA7F77-63C1-4B3C-A010-9EB038892D7B}.Release|x64.Build.0 = Release|x64
		{AB747229-2448-41B8-B7C6-E21BFD263D0A}.Debug|x64.ActiveCfg = Debug|Any CPU
		{AB747229-2448-41B8-B7C6-E21BFD263D0A}.Release|x64.ActiveCfg = Release|Any CPU
		{DFD6AAED-AE66-4A1A-BFCC-FDE92FF53B44}.Debug|x64.ActiveCfg = Debug|Any CPU
		{DFD6AAED-AE66-4A1A-BFCC-FDE92FF53B44}.Release|x64.ActiveCfg = Release|Any CPU
		{7ED250E0-FDC8-45DC-B0E6-DDEB4B708ED0}.Debug|x64.ActiveCfg = Debug|Any CPU
		{7ED250E0-FDC8-45DC-B0E6-DDEB4B708ED0}.Release|x64.ActiveCfg = Release|Any CPU
		{596A9474-A996-4D35-88EE-D68C221BF8EF}.Debug|x64.ActiveCfg = Debug|Any CPU
		{596A9474-A996-4D35-88EE-D68C221BF8EF}.Release|x64.ActiveCfg = Release|Any CPU
	EndGlobalSection
	GlobalSection(SolutionProperties) = preSolution
		HideSolutionNode = FALSE
	EndGlobalSection
EndGlobal
